# THIS IS AN AUTOGENERATED FILE. DO NOT EDIT THIS FILE DIRECTLY.
# yarn lockfile v1


"@react-native-firebase/firestore@^14.3.0":
  version "14.3.0"
  resolved "https://registry.yarnpkg.com/@react-native-firebase/firestore/-/firestore-14.3.0.tgz#b60d16a7d39d64a3e45a7c2dabaf7679da542246"
  integrity sha512-2G/Vh5o/ly7Tg00lkPDXkgwDptLLGPnuswJXq6aESRZL6gyRLUvFYgVQJd1c/pu0ft1ETNXhbmNSohunSbAC+g==
